Microsoft Visual Studio Solution File, Format Version 12.00
# Visual Studio Version 17
VisualStudioVersion = 17.5.2.0
MinimumVisualStudioVersion = 10.0.40219.1
Project("{FAE04EC0-301F-11D3-BF4B-00C04F79EFBC}") = "OrtHesapla", "OrtHesapla\OrtHesapla.csproj", "{94856C8E-AD62-3CE2-7AE3-F795A9C9F47E}"
EndProject
Global
	GlobalSection(SolutionConfigurationPlatforms) = preSolution
		Debug|Any CPU = Debug|Any CPU
		Release|Any CPU = Release|Any CPU
	EndGlobalSection
	GlobalSection(ProjectConfigurationPlatforms) = postSolution
		{94856C8E-AD62-3CE2-7AE3-F795A9C9F47E}.Debug|Any CPU.ActiveCfg = Debug|Any CPU
		{94856C8E-AD62-3CE2-7AE3-F795A9C9F47E}.Debug|Any CPU.Build.0 = Debug|Any CPU
		{94856C8E-AD62-3CE2-7AE3-F795A9C9F47E}.Release|Any CPU.ActiveCfg = Release|Any CPU
		{94856C8E-AD62-3CE2-7AE3-F795A9C9F47E}.Release|Any CPU.Build.0 = Release|Any CPU
	EndGlobalSection
	GlobalSection(SolutionProperties) = preSolution
		HideSolutionNode = FALSE
	EndGlobalSection
	GlobalSection(ExtensibilityGlobals) = postSolution
		SolutionGuid = {A250D396-945E-44D0-8E36-90580FA81271}
	EndGlobalSection
EndGlobal
